
Microsoft Visual Studio Solution File, Format Version 12.00
# Visual Studio Version 16
VisualStudioVersion = 16.0.34407.143
MinimumVisualStudioVersion = 10.0.40219.1
Project("{FAE04EC0-301F-11D3-BF4B-00C04F79EFBC}") = "P1_Variables", "P1_Variables\P1_Variables.csproj", "{53FBFCED-604F-47FC-9FDC-93ED54AC310C}"
EndProject
Project("{FAE04EC0-301F-11D3-BF4B-00C04F79EFBC}") = "P1_Variables_Exercise", "P1_Variables_Exercise\P1_Variables_Exercise.csproj", "{283644FF-27EF-419A-BD98-42DD8A20F27E}"
EndProject
Project("{FAE04EC0-301F-11D3-BF4B-00C04F79EFBC}") = "P2_Data_Type", "P2_Data_Type\P2_Data_Type.csproj", "{F1384D8E-2D34-417C-A0D1-64C6B2CDAD81}"
EndProject
Project("{FAE04EC0-301F-11D3-BF4B-00C04F79EFBC}") = "P3_User_Input", "P3_User_Input\P3_User_Input.csproj", "{BD302EF7-99DC-4BA4-AD3A-FDF26811D112}"
EndProject
Project("{FAE04EC0-301F-11D3-BF4B-00C04F79EFBC}") = "P3_UserInput_Exercise", "..\P3_UserInput_Exercise\P3_UserInput_Exercise.csproj", "{65461DC1-49B6-47EC-BEEC-D08D0CAE5564}"
EndProject
Project("{FAE04EC0-301F-11D3-BF4B-00C04F79EFBC}") = "P4_Operators", "P4_Operators\P4_Operators.csproj", "{5996DACC-3986-4D2C-83C3-78DF7C963D31}"
EndProject
Project("{FAE04EC0-301F-11D3-BF4B-00C04F79EFBC}") = "P5_Math", "P5_Math\P5_Math.csproj", "{31B36317-926B-4CFE-BB6C-04DDFF59580B}"
EndProject
Project("{FAE04EC0-301F-11D3-BF4B-00C04F79EFBC}") = "P6_Strings", "P6_Strings\P6_Strings.csproj", "{F7B6F7AA-7FAE-48E6-886E-59ADCABA3143}"
EndProject
Project("{FAE04EC0-301F-11D3-BF4B-00C04F79EFBC}") = "P7_If_Else", "P7_If_Else\P7_If_Else.csproj", "{0D58A57A-E57F-4BF3-B114-C7E4043093FC}"
EndProject
Project("{FAE04EC0-301F-11D3-BF4B-00C04F79EFBC}") = "P7_If_Else_Exercise", "P7_If_Else_Exercise\P7_If_Else_Exercise.csproj", "{E532816D-1CF2-4779-9CA2-4FF7277E0164}"
EndProject
Project("{FAE04EC0-301F-11D3-BF4B-00C04F79EFBC}") = "PE1_Addition", "PE1_Addition\PE1_Addition.csproj", "{10E101DC-AACD-4D55-928C-0AC46ABF32E7}"
EndProject
Project("{FAE04EC0-301F-11D3-BF4B-00C04F79EFBC}") = "PE2_OddEvenNumber", "PE2_OddEvenNumber\PE2_OddEvenNumber.csproj", "{D6E32FCE-4398-4174-988A-7C4308D42756}"
EndProject
Project("{FAE04EC0-301F-11D3-BF4B-00C04F79EFBC}") = "PE3_LargerNumber", "PE3_LargerNumber\PE3_LargerNumber.csproj", "{68526DD3-F8AE-486F-A662-AD4E17F87E24}"
EndProject
Project("{FAE04EC0-301F-11D3-BF4B-00C04F79EFBC}") = "P8_Switch", "P8_Switch\P8_Switch.csproj", "{59051C73-6527-4837-B550-510556CA3A18}"
EndProject
Project("{FAE04EC0-301F-11D3-BF4B-00C04F79EFBC}") = "P8_Switch Exercise", "P8_Switch Exercise\P8_Switch Exercise.csproj", "{CD49CB5A-5E72-437F-95CF-EC8A0CC1DF49}"
EndProject
Project("{FAE04EC0-301F-11D3-BF4B-00C04F79EFBC}") = "P9_Loops", "P9_Loops\P9_Loops.csproj", "{83D6153F-68F2-4330-91A9-FBA226971C8B}"
EndProject
Project("{FAE04EC0-301F-11D3-BF4B-00C04F79EFBC}") = "P9_Loop Exercise For Table Of Numbers", "P9_Loop Exercise For Table Of Numbers\P9_Loop Exercise For Table Of Numbers.csproj", "{CF68E5D5-7CD0-4077-B8FD-2C800BDF9F30}"
EndProject
Project("{FAE04EC0-301F-11D3-BF4B-00C04F79EFBC}") = "P9_Loop Exercise for each characters of name", "P9_Loop Exercise for each characters of name\P9_Loop Exercise for each characters of name.csproj", "{8FBCAC9D-E83B-43FB-9C6E-06B9F719A584}"
EndProject
Project("{FAE04EC0-301F-11D3-BF4B-00C04F79EFBC}") = "P9_Loop Exercise While Sum Of Numbers", "P9_Loop Exercise While Sum Of Numbers\P9_Loop Exercise While Sum Of Numbers.csproj", "{39FBF63C-8775-4774-810C-1F5CE1DFE47E}"
EndProject
Project("{FAE04EC0-301F-11D3-BF4B-00C04F79EFBC}") = "PE4_Divisibility", "PE4_Divisibility\PE4_Divisibility.csproj", "{FBF2B993-C0E2-46B7-94E4-60F41271F1F5}"
EndProject
Project("{FAE04EC0-301F-11D3-BF4B-00C04F79EFBC}") = "PE5_Reverse The Number", "PE5_Reverse The Number\PE5_Reverse The Number.csproj", "{2863E7D6-544C-4BBA-B313-1AF853D039E3}"
EndProject
Project("{FAE04EC0-301F-11D3-BF4B-00C04F79EFBC}") = "P10_Array", "P10_Array\P10_Array.csproj", "{76F9675D-B94A-41C2-A851-94F4619C91DD}"
EndProject
Project("{FAE04EC0-301F-11D3-BF4B-00C04F79EFBC}") = "P10_Arrays Exercise Friends List", "P10_Arrays Exercise Friends List\P10_Arrays Exercise Friends List.csproj", "{9FFB50AD-7915-447F-AD20-25B83FBB633C}"
EndProject
Global
	GlobalSection(SolutionConfigurationPlatforms) = preSolution
		Debug|Any CPU = Debug|Any CPU
		Release|Any CPU = Release|Any CPU
	EndGlobalSection
	GlobalSection(ProjectConfigurationPlatforms) = postSolution
		{53FBFCED-604F-47FC-9FDC-93ED54AC310C}.Debug|Any CPU.ActiveCfg = Debug|Any CPU
		{53FBFCED-604F-47FC-9FDC-93ED54AC310C}.Debug|Any CPU.Build.0 = Debug|Any CPU
		{53FBFCED-604F-47FC-9FDC-93ED54AC310C}.Release|Any CPU.ActiveCfg = Release|Any CPU
		{53FBFCED-604F-47FC-9FDC-93ED54AC310C}.Release|Any CPU.Build.0 = Release|Any CPU
		{283644FF-27EF-419A-BD98-42DD8A20F27E}.Debug|Any CPU.ActiveCfg = Debug|Any CPU
		{283644FF-27EF-419A-BD98-42DD8A20F27E}.Debug|Any CPU.Build.0 = Debug|Any CPU
		{283644FF-27EF-419A-BD98-42DD8A20F27E}.Release|Any CPU.ActiveCfg = Release|Any CPU
		{283644FF-27EF-419A-BD98-42DD8A20F27E}.Release|Any CPU.Build.0 = Release|Any CPU
		{F1384D8E-2D34-417C-A0D1-64C6B2CDAD81}.Debug|Any CPU.ActiveCfg = Debug|Any CPU
		{F1384D8E-2D34-417C-A0D1-64C6B2CDAD81}.Debug|Any CPU.Build.0 = Debug|Any CPU
		{F1384D8E-2D34-417C-A0D1-64C6B2CDAD81}.Release|Any CPU.ActiveCfg = Release|Any CPU
		{F1384D8E-2D34-417C-A0D1-64C6B2CDAD81}.Release|Any CPU.Build.0 = Release|Any CPU
		{BD302EF7-99DC-4BA4-AD3A-FDF26811D112}.Debug|Any CPU.ActiveCfg = Debug|Any CPU
		{BD302EF7-99DC-4BA4-AD3A-FDF26811D112}.Debug|Any CPU.Build.0 = Debug|Any CPU
		{BD302EF7-99DC-4BA4-AD3A-FDF26811D112}.Release|Any CPU.ActiveCfg = Release|Any CPU
		{BD302EF7-99DC-4BA4-AD3A-FDF26811D112}.Release|Any CPU.Build.0 = Release|Any CPU
		{65461DC1-49B6-47EC-BEEC-D08D0CAE5564}.Debug|Any CPU.ActiveCfg = Debug|Any CPU
		{65461DC1-49B6-47EC-BEEC-D08D0CAE5564}.Debug|Any CPU.Build.0 = Debug|Any CPU
		{65461DC1-49B6-47EC-BEEC-D08D0CAE5564}.Release|Any CPU.ActiveCfg = Release|Any CPU
		{65461DC1-49B6-47EC-BEEC-D08D0CAE5564}.Release|Any CPU.Build.0 = Release|Any CPU
		{5996DACC-3986-4D2C-83C3-78DF7C963D31}.Debug|Any CPU.ActiveCfg = Debug|Any CPU
		{5996DACC-3986-4D2C-83C3-78DF7C963D31}.Debug|Any CPU.Build.0 = Debug|Any CPU
		{5996DACC-3986-4D2C-83C3-78DF7C963D31}.Release|Any CPU.ActiveCfg = Release|Any CPU
		{5996DACC-3986-4D2C-83C3-78DF7C963D31}.Release|Any CPU.Build.0 = Release|Any CPU
		{31B36317-926B-4CFE-BB6C-04DDFF59580B}.Debug|Any CPU.ActiveCfg = Debug|Any CPU
		{31B36317-926B-4CFE-BB6C-04DDFF59580B}.Debug|Any CPU.Build.0 = Debug|Any CPU
		{31B36317-926B-4CFE-BB6C-04DDFF59580B}.Release|Any CPU.ActiveCfg = Release|Any CPU
		{31B36317-926B-4CFE-BB6C-04DDFF59580B}.Release|Any CPU.Build.0 = Release|Any CPU
		{F7B6F7AA-7FAE-48E6-886E-59ADCABA3143}.Debug|Any CPU.ActiveCfg = Debug|Any CPU
		{F7B6F7AA-7FAE-48E6-886E-59ADCABA3143}.Debug|Any CPU.Build.0 = Debug|Any CPU
		{F7B6F7AA-7FAE-48E6-886E-59ADCABA3143}.Release|Any CPU.ActiveCfg = Release|Any CPU
		{F7B6F7AA-7FAE-48E6-886E-59ADCABA3143}.Release|Any CPU.Build.0 = Release|Any CPU
		{0D58A57A-E57F-4BF3-B114-C7E4043093FC}.Debug|Any CPU.ActiveCfg = Debug|Any CPU
		{0D58A57A-E57F-4BF3-B114-C7E4043093FC}.Debug|Any CPU.Build.0 = Debug|Any CPU
		{0D58A57A-E57F-4BF3-B114-C7E4043093FC}.Release|Any CPU.ActiveCfg = Release|Any CPU
		{0D58A57A-E57F-4BF3-B114-C7E4043093FC}.Release|Any CPU.Build.0 = Release|Any CPU
		{E532816D-1CF2-4779-9CA2-4FF7277E0164}.Debug|Any CPU.ActiveCfg = Debug|Any CPU
		{E532816D-1CF2-4779-9CA2-4FF7277E0164}.Debug|Any CPU.Build.0 = Debug|Any CPU
		{E532816D-1CF2-4779-9CA2-4FF7277E0164}.Release|Any CPU.ActiveCfg = Release|Any CPU
		{E532816D-1CF2-4779-9CA2-4FF7277E0164}.Release|Any CPU.Build.0 = Release|Any CPU
		{10E101DC-AACD-4D55-928C-0AC46ABF32E7}.Debug|Any CPU.ActiveCfg = Debug|Any CPU
		{10E101DC-AACD-4D55-928C-0AC46ABF32E7}.Debug|Any CPU.Build.0 = Debug|Any CPU
		{10E101DC-AACD-4D55-928C-0AC46ABF32E7}.Release|Any CPU.ActiveCfg = Release|Any CPU
		{10E101DC-AACD-4D55-928C-0AC46ABF32E7}.Release|Any CPU.Build.0 = Release|Any CPU
		{D6E32FCE-4398-4174-988A-7C4308D42756}.Debug|Any CPU.ActiveCfg = Debug|Any CPU
		{D6E32FCE-4398-4174-988A-7C4308D42756}.Debug|Any CPU.Build.0 = Debug|Any CPU
		{D6E32FCE-4398-4174-988A-7C4308D42756}.Release|Any CPU.ActiveCfg = Release|Any CPU
		{D6E32FCE-4398-4174-988A-7C4308D42756}.Release|Any CPU.Build.0 = Release|Any CPU
		{68526DD3-F8AE-486F-A662-AD4E17F87E24}.Debug|Any CPU.ActiveCfg = Debug|Any CPU
		{68526DD3-F8AE-486F-A662-AD4E17F87E24}.Debug|Any CPU.Build.0 = Debug|Any CPU
		{68526DD3-F8AE-486F-A662-AD4E17F87E24}.Release|Any CPU.ActiveCfg = Release|Any CPU
		{68526DD3-F8AE-486F-A662-AD4E17F87E24}.Release|Any CPU.Build.0 = Release|Any CPU
		{59051C73-6527-4837-B550-510556CA3A18}.Debug|Any CPU.ActiveCfg = Debug|Any CPU
		{59051C73-6527-4837-B550-510556CA3A18}.Debug|Any CPU.Build.0 = Debug|Any CPU
		{59051C73-6527-4837-B550-510556CA3A18}.Release|Any CPU.ActiveCfg = Release|Any CPU
		{59051C73-6527-4837-B550-510556CA3A18}.Release|Any CPU.Build.0 = Release|Any CPU
		{CD49CB5A-5E72-437F-95CF-EC8A0CC1DF49}.Debug|Any CPU.ActiveCfg = Debug|Any CPU
		{CD49CB5A-5E72-437F-95CF-EC8A0CC1DF49}.Debug|Any CPU.Build.0 = Debug|Any CPU
		{CD49CB5A-5E72-437F-95CF-EC8A0CC1DF49}.Release|Any CPU.ActiveCfg = Release|Any CPU
		{CD49CB5A-5E72-437F-95CF-EC8A0CC1DF49}.Release|Any CPU.Build.0 = Release|Any CPU
		{83D6153F-68F2-4330-91A9-FBA226971C8B}.Debug|Any CPU.ActiveCfg = Debug|Any CPU
		{83D6153F-68F2-4330-91A9-FBA226971C8B}.Debug|Any CPU.Build.0 = Debug|Any CPU
		{83D6153F-68F2-4330-91A9-FBA226971C8B}.Release|Any CPU.ActiveCfg = Release|Any CPU
		{83D6153F-68F2-4330-91A9-FBA226971C8B}.Release|Any CPU.Build.0 = Release|Any CPU
		{CF68E5D5-7CD0-4077-B8FD-2C800BDF9F30}.Debug|Any CPU.ActiveCfg = Debug|Any CPU
		{CF68E5D5-7CD0-4077-B8FD-2C800BDF9F30}.Debug|Any CPU.Build.0 = Debug|Any CPU
		{CF68E5D5-7CD0-4077-B8FD-2C800BDF9F30}.Release|Any CPU.ActiveCfg = Release|Any CPU
		{CF68E5D5-7CD0-4077-B8FD-2C800BDF9F30}.Release|Any CPU.Build.0 = Release|Any CPU
		{8FBCAC9D-E83B-43FB-9C6E-06B9F719A584}.Debug|Any CPU.ActiveCfg = Debug|Any CPU
		{8FBCAC9D-E83B-43FB-9C6E-06B9F719A584}.Debug|Any CPU.Build.0 = Debug|Any CPU
		{8FBCAC9D-E83B-43FB-9C6E-06B9F719A584}.Release|Any CPU.ActiveCfg = Release|Any CPU
		{8FBCAC9D-E83B-43FB-9C6E-06B9F719A584}.Release|Any CPU.Build.0 = Release|Any CPU
		{39FBF63C-8775-4774-810C-1F5CE1DFE47E}.Debug|Any CPU.ActiveCfg = Debug|Any CPU
		{39FBF63C-8775-4774-810C-1F5CE1DFE47E}.Debug|Any CPU.Build.0 = Debug|Any CPU
		{39FBF63C-8775-4774-810C-1F5CE1DFE47E}.Release|Any CPU.ActiveCfg = Release|Any CPU
		{39FBF63C-8775-4774-810C-1F5CE1DFE47E}.Release|Any CPU.Build.0 = Release|Any CPU
		{FBF2B993-C0E2-46B7-94E4-60F41271F1F5}.Debug|Any CPU.ActiveCfg = Debug|Any CPU
		{FBF2B993-C0E2-46B7-94E4-60F41271F1F5}.Debug|Any CPU.Build.0 = Debug|Any CPU
		{FBF2B993-C0E2-46B7-94E4-60F41271F1F5}.Release|Any CPU.ActiveCfg = Release|Any CPU
		{FBF2B993-C0E2-46B7-94E4-60F41271F1F5}.Release|Any CPU.Build.0 = Release|Any CPU
		{2863E7D6-544C-4BBA-B313-1AF853D039E3}.Debug|Any CPU.ActiveCfg = Debug|Any CPU
		{2863E7D6-544C-4BBA-B313-1AF853D039E3}.Debug|Any CPU.Build.0 = Debug|Any CPU
		{2863E7D6-544C-4BBA-B313-1AF853D039E3}.Release|Any CPU.ActiveCfg = Release|Any CPU
		{2863E7D6-544C-4BBA-B313-1AF853D039E3}.Release|Any CPU.Build.0 = Release|Any CPU
		{76F9675D-B94A-41C2-A851-94F4619C91DD}.Debug|Any CPU.ActiveCfg = Debug|Any CPU
		{76F9675D-B94A-41C2-A851-94F4619C91DD}.Debug|Any CPU.Build.0 = Debug|Any CPU
		{76F9675D-B94A-41C2-A851-94F4619C91DD}.Release|Any CPU.ActiveCfg = Release|Any CPU
		{76F9675D-B94A-41C2-A851-94F4619C91DD}.Release|Any CPU.Build.0 = Release|Any CPU
		{9FFB50AD-7915-447F-AD20-25B83FBB633C}.Debug|Any CPU.ActiveCfg = Debug|Any CPU
		{9FFB50AD-7915-447F-AD20-25B83FBB633C}.Debug|Any CPU.Build.0 = Debug|Any CPU
		{9FFB50AD-7915-447F-AD20-25B83FBB633C}.Release|Any CPU.ActiveCfg = Release|Any CPU
		{9FFB50AD-7915-447F-AD20-25B83FBB633C}.Release|Any CPU.Build.0 = Release|Any CPU
	EndGlobalSection
	GlobalSection(SolutionProperties) = preSolution
		HideSolutionNode = FALSE
	EndGlobalSection
	GlobalSection(ExtensibilityGlobals) = postSolution
		SolutionGuid = {22B29AB4-AF18-4FAB-A099-BF8261F5716B}
	EndGlobalSection
EndGlobal
